
Microsoft Visual Studio Solution File, Format Version 12.00
# Visual Studio 14
VisualStudioVersion = 14.0.22512.0
MinimumVisualStudioVersion = 10.0.40219.1
Project("{2150E333-8FDC-42A3-9474-1A3956D46DE8}") = "Solution Items", "Solution Items", "{8C69259D-DD9F-4809-B469-DC27B7E9040B}"
	ProjectSection(SolutionItems) = preProject
		.gitignore = .gitignore
		LICENSE = LICENSE
		README.md = README.md
	EndProjectSection
EndProject
Project("{FAE04EC0-301F-11D3-BF4B-00C04F79EFBC}") = "FamilyTreeProject.GEDCOM.Tests", "tests\FamilyTreeProject.GEDCOM.Tests\FamilyTreeProject.GEDCOM.Tests.csproj", "{002EB1C2-CBBD-4A4E-8EA0-9B5D51D37C87}"
EndProject
Project("{FAE04EC0-301F-11D3-BF4B-00C04F79EFBC}") = "FamilyTreeProject.GEDCOM", "src\FamilyTreeProject.GEDCOM\FamilyTreeProject.GEDCOM.csproj", "{00AFAC8A-EAB0-4643-AC66-8FB7C568C1B6}"
EndProject
Global
	GlobalSection(SolutionConfigurationPlatforms) = preSolution
		Debug|Any CPU = Debug|Any CPU
		Release|Any CPU = Release|Any CPU
	EndGlobalSection
	GlobalSection(ProjectConfigurationPlatforms) = postSolution
		{002EB1C2-CBBD-4A4E-8EA0-9B5D51D37C87}.Debug|Any CPU.ActiveCfg = Debug|Any CPU
		{002EB1C2-CBBD-4A4E-8EA0-9B5D51D37C87}.Debug|Any CPU.Build.0 = Debug|Any CPU
		{002EB1C2-CBBD-4A4E-8EA0-9B5D51D37C87}.Release|Any CPU.ActiveCfg = Release|Any CPU
		{002EB1C2-CBBD-4A4E-8EA0-9B5D51D37C87}.Release|Any CPU.Build.0 = Release|Any CPU
		{00AFAC8A-EAB0-4643-AC66-8FB7C568C1B6}.Debug|Any CPU.ActiveCfg = Debug|Any CPU
		{00AFAC8A-EAB0-4643-AC66-8FB7C568C1B6}.Debug|Any CPU.Build.0 = Debug|Any CPU
		{00AFAC8A-EAB0-4643-AC66-8FB7C568C1B6}.Release|Any CPU.ActiveCfg = Release|Any CPU
		{00AFAC8A-EAB0-4643-AC66-8FB7C568C1B6}.Release|Any CPU.Build.0 = Release|Any CPU
	EndGlobalSection
	GlobalSection(SolutionProperties) = preSolution
		HideSolutionNode = FALSE
	EndGlobalSection
EndGlobal
